
Microsoft Visual Studio Solution File, Format Version 12.00
# Visual Studio Version 16
VisualStudioVersion = 16.0.31112.23
MinimumVisualStudioVersion = 10.0.40219.1
Project("{8BC9CEB8-8B4A-11D0-8D11-00A0C91BC942}") = "ROBOT_ANIM", "ROBOT_ANIM\ROBOT_ANIM.vcxproj", "{037C195A-F317-4395-897B-772257D2559B}"
EndProject
Global
	GlobalSection(SolutionConfigurationPlatforms) = preSolution
		Debug|x64 = Debug|x64
		Release|x64 = Release|x64
	EndGlobalSection
	GlobalSection(ProjectConfigurationPlatforms) = postSolution
		{037C195A-F317-4395-897B-772257D2559B}.Debug|x64.ActiveCfg = Debug|x64
		{037C195A-F317-4395-897B-772257D2559B}.Debug|x64.Build.0 = Debug|x64
		{037C195A-F317-4395-897B-772257D2559B}.Release|x64.ActiveCfg = Release|x64
		{037C195A-F317-4395-897B-772257D2559B}.Release|x64.Build.0 = Release|x64
	EndGlobalSection
	GlobalSection(SolutionProperties) = preSolution
		HideSolutionNode = FALSE
	EndGlobalSection
	GlobalSection(ExtensibilityGlobals) = postSolution
		SolutionGuid = {ACF1A47C-57F2-493C-9AA6-4C4865EA431D}
	EndGlobalSection
EndGlobal
